
Microsoft Visual Studio Solution File, Format Version 12.00
# Visual Studio Version 17
VisualStudioVersion = 17.10.35027.167
MinimumVisualStudioVersion = 10.0.40219.1
Project("{FAE04EC0-301F-11D3-BF4B-00C04F79EFBC}") = "InterfaceSegregationPrinciple", "InterfaceSegregationPrinciple\InterfaceSegregationPrinciple.csproj", "{A1601855-3184-49ED-91D6-5538A7E8091D}"
EndProject
Global
	GlobalSection(SolutionConfigurationPlatforms) = preSolution
		Debug|Any CPU = Debug|Any CPU
		Release|Any CPU = Release|Any CPU
	EndGlobalSection
	GlobalSection(ProjectConfigurationPlatforms) = postSolution
		{A1601855-3184-49ED-91D6-5538A7E8091D}.Debug|Any CPU.ActiveCfg = Debug|Any CPU
		{A1601855-3184-49ED-91D6-5538A7E8091D}.Debug|Any CPU.Build.0 = Debug|Any CPU
		{A1601855-3184-49ED-91D6-5538A7E8091D}.Release|Any CPU.ActiveCfg = Release|Any CPU
		{A1601855-3184-49ED-91D6-5538A7E8091D}.Release|Any CPU.Build.0 = Release|Any CPU
	EndGlobalSection
	GlobalSection(SolutionProperties) = preSolution
		HideSolutionNode = FALSE
	EndGlobalSection
	GlobalSection(ExtensibilityGlobals) = postSolution
		SolutionGuid = {8B2B50C2-4EFD-4E48-9B62-8F00F4A428F2}
	EndGlobalSection
EndGlobal
