
Microsoft Visual Studio Solution File, Format Version 12.00
# Visual Studio Version 17
VisualStudioVersion = 17.10.35027.167
MinimumVisualStudioVersion = 10.0.40219.1
Project("{FAE04EC0-301F-11D3-BF4B-00C04F79EFBC}") = "CustomMiddlewareApp", "CustomMiddlewareApp\CustomMiddlewareApp.csproj", "{0A91F38E-8857-47C6-BA61-B9B0E6644819}"
EndProject
Global
	GlobalSection(SolutionConfigurationPlatforms) = preSolution
		Debug|Any CPU = Debug|Any CPU
		Release|Any CPU = Release|Any CPU
	EndGlobalSection
	GlobalSection(ProjectConfigurationPlatforms) = postSolution
		{0A91F38E-8857-47C6-BA61-B9B0E6644819}.Debug|Any CPU.ActiveCfg = Debug|Any CPU
		{0A91F38E-8857-47C6-BA61-B9B0E6644819}.Debug|Any CPU.Build.0 = Debug|Any CPU
		{0A91F38E-8857-47C6-BA61-B9B0E6644819}.Release|Any CPU.ActiveCfg = Release|Any CPU
		{0A91F38E-8857-47C6-BA61-B9B0E6644819}.Release|Any CPU.Build.0 = Release|Any CPU
	EndGlobalSection
	GlobalSection(SolutionProperties) = preSolution
		HideSolutionNode = FALSE
	EndGlobalSection
	GlobalSection(ExtensibilityGlobals) = postSolution
		SolutionGuid = {B184CBE4-3A3B-4837-B4E9-85084F481E24}
	EndGlobalSection
EndGlobal
