
Microsoft Visual Studio Solution File, Format Version 12.00
# Visual Studio Version 17
VisualStudioVersion = 17.10.35027.167
MinimumVisualStudioVersion = 10.0.40219.1
Project("{FAE04EC0-301F-11D3-BF4B-00C04F79EFBC}") = "SingleResponsiblityPrinciple", "SingleResponsiblityPrinciple\SingleResponsiblityPrinciple.csproj", "{8B0EE36D-C5D6-43EF-A872-7544F037113E}"
EndProject
Global
	GlobalSection(SolutionConfigurationPlatforms) = preSolution
		Debug|Any CPU = Debug|Any CPU
		Release|Any CPU = Release|Any CPU
	EndGlobalSection
	GlobalSection(ProjectConfigurationPlatforms) = postSolution
		{8B0EE36D-C5D6-43EF-A872-7544F037113E}.Debug|Any CPU.ActiveCfg = Debug|Any CPU
		{8B0EE36D-C5D6-43EF-A872-7544F037113E}.Debug|Any CPU.Build.0 = Debug|Any CPU
		{8B0EE36D-C5D6-43EF-A872-7544F037113E}.Release|Any CPU.ActiveCfg = Release|Any CPU
		{8B0EE36D-C5D6-43EF-A872-7544F037113E}.Release|Any CPU.Build.0 = Release|Any CPU
	EndGlobalSection
	GlobalSection(SolutionProperties) = preSolution
		HideSolutionNode = FALSE
	EndGlobalSection
	GlobalSection(ExtensibilityGlobals) = postSolution
		SolutionGuid = {7A47FE61-3827-4AA3-AC78-D4AB8BFE0C16}
	EndGlobalSection
EndGlobal
