
Microsoft Visual Studio Solution File, Format Version 12.00
# Visual Studio Version 17
VisualStudioVersion = 17.5.002.0
MinimumVisualStudioVersion = 10.0.40219.1
Project("{9A19103F-16F7-4668-BE54-9A1E7A4F7556}") = "JwtAuthentication", "JwtAuthentication.csproj", "{49BA6F6C-D909-4260-BBC7-A68D48FE8384}"
EndProject
Global
	GlobalSection(SolutionConfigurationPlatforms) = preSolution
		Debug|Any CPU = Debug|Any CPU
		Release|Any CPU = Release|Any CPU
	EndGlobalSection
	GlobalSection(ProjectConfigurationPlatforms) = postSolution
		{49BA6F6C-D909-4260-BBC7-A68D48FE8384}.Debug|Any CPU.ActiveCfg = Debug|Any CPU
		{49BA6F6C-D909-4260-BBC7-A68D48FE8384}.Debug|Any CPU.Build.0 = Debug|Any CPU
		{49BA6F6C-D909-4260-BBC7-A68D48FE8384}.Release|Any CPU.ActiveCfg = Release|Any CPU
		{49BA6F6C-D909-4260-BBC7-A68D48FE8384}.Release|Any CPU.Build.0 = Release|Any CPU
	EndGlobalSection
	GlobalSection(SolutionProperties) = preSolution
		HideSolutionNode = FALSE
	EndGlobalSection
	GlobalSection(ExtensibilityGlobals) = postSolution
		SolutionGuid = {10FA7B4D-BD04-4D68-B054-FB39B5058B58}
	EndGlobalSection
EndGlobal
