
Microsoft Visual Studio Solution File, Format Version 12.00
# Visual Studio Version 17
VisualStudioVersion = 17.10.35027.167
MinimumVisualStudioVersion = 10.0.40219.1
Project("{FAE04EC0-301F-11D3-BF4B-00C04F79EFBC}") = "JwtAuthentication", "JwtAuthentication\JwtAuthentication.csproj", "{8AA02610-1ACB-4C68-BAA1-AF388C074AC6}"
EndProject
Global
	GlobalSection(SolutionConfigurationPlatforms) = preSolution
		Debug|Any CPU = Debug|Any CPU
		Release|Any CPU = Release|Any CPU
	EndGlobalSection
	GlobalSection(ProjectConfigurationPlatforms) = postSolution
		{8AA02610-1ACB-4C68-BAA1-AF388C074AC6}.Debug|Any CPU.ActiveCfg = Debug|Any CPU
		{8AA02610-1ACB-4C68-BAA1-AF388C074AC6}.Debug|Any CPU.Build.0 = Debug|Any CPU
		{8AA02610-1ACB-4C68-BAA1-AF388C074AC6}.Release|Any CPU.ActiveCfg = Release|Any CPU
		{8AA02610-1ACB-4C68-BAA1-AF388C074AC6}.Release|Any CPU.Build.0 = Release|Any CPU
	EndGlobalSection
	GlobalSection(SolutionProperties) = preSolution
		HideSolutionNode = FALSE
	EndGlobalSection
	GlobalSection(ExtensibilityGlobals) = postSolution
		SolutionGuid = {F8C8C2A5-E508-4B37-BD9B-B9323AC44962}
	EndGlobalSection
EndGlobal
