
Microsoft Visual Studio Solution File, Format Version 12.00
# Visual Studio Version 17
VisualStudioVersion = 17.10.35027.167
MinimumVisualStudioVersion = 10.0.40219.1
Project("{FAE04EC0-301F-11D3-BF4B-00C04F79EFBC}") = "ContactManagerApp", "ContactManagerApp\ContactManagerApp.csproj", "{4BF1CEEA-5DA0-4B02-A5EA-F503080A4505}"
EndProject
Global
	GlobalSection(SolutionConfigurationPlatforms) = preSolution
		Debug|Any CPU = Debug|Any CPU
		Release|Any CPU = Release|Any CPU
	EndGlobalSection
	GlobalSection(ProjectConfigurationPlatforms) = postSolution
		{4BF1CEEA-5DA0-4B02-A5EA-F503080A4505}.Debug|Any CPU.ActiveCfg = Debug|Any CPU
		{4BF1CEEA-5DA0-4B02-A5EA-F503080A4505}.Debug|Any CPU.Build.0 = Debug|Any CPU
		{4BF1CEEA-5DA0-4B02-A5EA-F503080A4505}.Release|Any CPU.ActiveCfg = Release|Any CPU
		{4BF1CEEA-5DA0-4B02-A5EA-F503080A4505}.Release|Any CPU.Build.0 = Release|Any CPU
	EndGlobalSection
	GlobalSection(SolutionProperties) = preSolution
		HideSolutionNode = FALSE
	EndGlobalSection
	GlobalSection(ExtensibilityGlobals) = postSolution
		SolutionGuid = {47E0F344-7F2F-48AE-92C1-D6DDB8A602BF}
	EndGlobalSection
EndGlobal
